
Microsoft Visual Studio Solution File, Format Version 12.00
# Visual Studio 15
VisualStudioVersion = 15.0.27130.2010
MinimumVisualStudioVersion = 10.0.40219.1
Project("{FAE04EC0-301F-11D3-BF4B-00C04F79EFBC}") = "GuestApp", "GuestApp\GuestApp.csproj", "{05AF42A8-B386-4B5A-8B74-985DDFD4ACE2}"
EndProject
Project("{FAE04EC0-301F-11D3-BF4B-00C04F79EFBC}") = "GuestApp.Tests", "GuestApp.Tests\GuestApp.Tests.csproj", "{29420D42-BD64-4EF0-8D9C-C939CFB34FBA}"
EndProject
Global
	GlobalSection(SolutionConfigurationPlatforms) = preSolution
		Debug|Any CPU = Debug|Any CPU
		Release|Any CPU = Release|Any CPU
	EndGlobalSection
	GlobalSection(ProjectConfigurationPlatforms) = postSolution
		{05AF42A8-B386-4B5A-8B74-985DDFD4ACE2}.Debug|Any CPU.ActiveCfg = Debug|Any CPU
		{05AF42A8-B386-4B5A-8B74-985DDFD4ACE2}.Debug|Any CPU.Build.0 = Debug|Any CPU
		{05AF42A8-B386-4B5A-8B74-985DDFD4ACE2}.Release|Any CPU.ActiveCfg = Release|Any CPU
		{05AF42A8-B386-4B5A-8B74-985DDFD4ACE2}.Release|Any CPU.Build.0 = Release|Any CPU
		{29420D42-BD64-4EF0-8D9C-C939CFB34FBA}.Debug|Any CPU.ActiveCfg = Debug|Any CPU
		{29420D42-BD64-4EF0-8D9C-C939CFB34FBA}.Debug|Any CPU.Build.0 = Debug|Any CPU
		{29420D42-BD64-4EF0-8D9C-C939CFB34FBA}.Release|Any CPU.ActiveCfg = Release|Any CPU
		{29420D42-BD64-4EF0-8D9C-C939CFB34FBA}.Release|Any CPU.Build.0 = Release|Any CPU
	EndGlobalSection
	GlobalSection(SolutionProperties) = preSolution
		HideSolutionNode = FALSE
	EndGlobalSection
	GlobalSection(ExtensibilityGlobals) = postSolution
		SolutionGuid = {819BD9F7-41C9-46FC-9022-356D3F37CF36}
	EndGlobalSection
EndGlobal
